// !$*UTF8*$!
{
	archiveVersion = 1;
	classes = {
	};
	objectVersion = 46;
	objects = {

/* Begin PBXBuildFile section */
		0EDCA91C198A845A82FDDF5E /* Pods_programmeerprojectTests.framework in Frameworks */ = {isa = PBXBuildFile; fileRef = 6182565A490C68E5B9ADBCCD /* Pods_programmeerprojectTests.framework */; };
		12C5D7AA54D111228635B05A /* Pods_programmeerproject.framework in Frameworks */ = {isa = PBXBuildFile; fileRef = 9DCDF8E332085DEC68E869C1 /* Pods_programmeerproject.framework */; };
		5517CA6D1E242A4800F3F8F5 /* AppDelegate.swift in Sources */ = {isa = PBXBuildFile; fileRef = 5517CA6C1E242A4800F3F8F5 /* AppDelegate.swift */; };
		5517CA721E242A4800F3F8F5 /* Main.storyboard in Resources */ = {isa = PBXBuildFile; fileRef = 5517CA701E242A4800F3F8F5 /* Main.storyboard */; };
		5517CA741E242A4800F3F8F5 /* Assets.xcassets in Resources */ = {isa = PBXBuildFile; fileRef = 5517CA731E242A4800F3F8F5 /* Assets.xcassets */; };
		5517CA771E242A4800F3F8F5 /* LaunchScreen.storyboard in Resources */ = {isa = PBXBuildFile; fileRef = 5517CA751E242A4800F3F8F5 /* LaunchScreen.storyboard */; };
		5517CA821E242A4800F3F8F5 /* programmeerprojectTests.swift in Sources */ = {isa = PBXBuildFile; fileRef = 5517CA811E242A4800F3F8F5 /* programmeerprojectTests.swift */; };
		5517CA8D1E242A4800F3F8F5 /* programmeerprojectUITests.swift in Sources */ = {isa = PBXBuildFile; fileRef = 5517CA8C1E242A4800F3F8F5 /* programmeerprojectUITests.swift */; };
		55275CD51E2633F800456990 /* UploadViewController.swift in Sources */ = {isa = PBXBuildFile; fileRef = 55275CD41E2633F800456990 /* UploadViewController.swift */; };
		55275CD71E26680900456990 /* ChatViewController.swift in Sources */ = {isa = PBXBuildFile; fileRef = 55275CD61E26680900456990 /* ChatViewController.swift */; };
		5532B50D1E250B1500FE84CA /* User.swift in Sources */ = {isa = PBXBuildFile; fileRef = 5532B50C1E250B1500FE84CA /* User.swift */; };
		55FDAE1D1E24E09300A172CF /* GoogleService-Info.plist in Resources */ = {isa = PBXBuildFile; fileRef = 55FDAE1C1E24E09300A172CF /* GoogleService-Info.plist */; };
		55FDAE1F1E24E5E900A172CF /* SignupViewController.swift in Sources */ = {isa = PBXBuildFile; fileRef = 55FDAE1E1E24E5E900A172CF /* SignupViewController.swift */; };
		55FDAE211E24F47600A172CF /* LoginViewController.swift in Sources */ = {isa = PBXBuildFile; fileRef = 55FDAE201E24F47600A172CF /* LoginViewController.swift */; };
		55FDAE231E2507C400A172CF /* UserCell.swift in Sources */ = {isa = PBXBuildFile; fileRef = 55FDAE221E2507C400A172CF /* UserCell.swift */; };
		55FDAE251E25087700A172CF /* UsersViewController.swift in Sources */ = {isa = PBXBuildFile; fileRef = 55FDAE241E25087700A172CF /* UsersViewController.swift */; };
		83FDEFE59495B9EA24FF5F98 /* Pods_programmeerprojectUITests.framework in Frameworks */ = {isa = PBXBuildFile; fileRef = 97A78D6FC5A05C9F723B44E5 /* Pods_programmeerprojectUITests.framework */; };
/* End PBXBuildFile section */

/* Begin PBXContainerItemProxy section */
		5517CA7E1E242A4800F3F8F5 /* PBXContainerItemProxy */ = {
			isa = PBXContainerItemProxy;
			containerPortal = 5517CA611E242A4800F3F8F5 /* Project object */;
			proxyType = 1;
			remoteGlobalIDString = 5517CA681E242A4800F3F8F5;
			remoteInfo = programmeerproject;
		};
		5517CA891E242A4800F3F8F5 /* PBXContainerItemProxy */ = {
			isa = PBXContainerItemProxy;
			containerPortal = 5517CA611E242A4800F3F8F5 /* Project object */;
			proxyType = 1;
			remoteGlobalIDString = 5517CA681E242A4800F3F8F5;
			remoteInfo = programmeerproject;
		};
/* End PBXContainerItemProxy section */

/* Begin PBXFileReference section */
		30286E537E8F6C69A1518394 /* Pods-programmeerproject.release.xcconfig */ = {isa = PBXFileReference; includeInIndex = 1; lastKnownFileType = text.xcconfig; name = "Pods-programmeerproject.release.xcconfig"; path = "Pods/Target Support Files/Pods-programmeerproject/Pods-programmeerproject.release.xcconfig"; sourceTree = "<group>"; };
		4CBEEF8B22F38A0A27F5FC47 /* Pods-programmeerprojectUITests.debug.xcconfig */ = {isa = PBXFileReference; includeInIndex = 1; lastKnownFileType = text.xcconfig; name = "Pods-programmeerprojectUITests.debug.xcconfig"; path = "Pods/Target Support Files/Pods-programmeerprojectUITests/Pods-programmeerprojectUITests.debug.xcconfig"; sourceTree = "<group>"; };
		5517CA691E242A4800F3F8F5 /* programmeerproject.app */ = {isa = PBXFileReference; explicitFileType = wrapper.application; includeInIndex = 0; path = programmeerproject.app; sourceTree = BUILT_PRODUCTS_DIR; };
		5517CA6C1E242A4800F3F8F5 /* AppDelegate.swift */ = {isa = PBXFileReference; lastKnownFileType = sourcecode.swift; path = AppDelegate.swift; sourceTree = "<group>"; };
		5517CA711E242A4800F3F8F5 /* Base */ = {isa = PBXFileReference; lastKnownFileType = file.storyboard; name = Base; path = Base.lproj/Main.storyboard; sourceTree = "<group>"; };
		5517CA731E242A4800F3F8F5 /* Assets.xcassets */ = {isa = PBXFileReference; lastKnownFileType = folder.assetcatalog; path = Assets.xcassets; sourceTree = "<group>"; };
		5517CA761E242A4800F3F8F5 /* Base */ = {isa = PBXFileReference; lastKnownFileType = file.storyboard; name = Base; path = Base.lproj/LaunchScreen.storyboard; sourceTree = "<group>"; };
		5517CA781E242A4800F3F8F5 /* Info.plist */ = {isa = PBXFileReference; lastKnownFileType = text.plist.xml; path = Info.plist; sourceTree = "<group>"; };
		5517CA7D1E242A4800F3F8F5 /* programmeerprojectTests.xctest */ = {isa = PBXFileReference; explicitFileType = wrapper.cfbundle; includeInIndex = 0; path = programmeerprojectTests.xctest; sourceTree = BUILT_PRODUCTS_DIR; };
		5517CA811E242A4800F3F8F5 /* programmeerprojectTests.swift */ = {isa = PBXFileReference; lastKnownFileType = sourcecode.swift; path = programmeerprojectTests.swift; sourceTree = "<group>"; };
		5517CA831E242A4800F3F8F5 /* Info.plist */ = {isa = PBXFileReference; lastKnownFileType = text.plist.xml; path = Info.plist; sourceTree = "<group>"; };
		5517CA881E242A4800F3F8F5 /* programmeerprojectUITests.xctest */ = {isa = PBXFileReference; explicitFileType = wrapper.cfbundle; includeInIndex = 0; path = programmeerprojectUITests.xctest; sourceTree = BUILT_PRODUCTS_DIR; };
		5517CA8C1E242A4800F3F8F5 /* programmeerprojectUITests.swift */ = {isa = PBXFileReference; lastKnownFileType = sourcecode.swift; path = programmeerprojectUITests.swift; sourceTree = "<group>"; };
		5517CA8E1E242A4900F3F8F5 /* Info.plist */ = {isa = PBXFileReference; lastKnownFileType = text.plist.xml; path = Info.plist; sourceTree = "<group>"; };
		55275CD41E2633F800456990 /* UploadViewController.swift */ = {isa = PBXFileReference; fileEncoding = 4; lastKnownFileType = sourcecode.swift; path = UploadViewController.swift; sourceTree = "<group>"; };
		55275CD61E26680900456990 /* ChatViewController.swift */ = {isa = PBXFileReference; fileEncoding = 4; lastKnownFileType = sourcecode.swift; path = ChatViewController.swift; sourceTree = "<group>"; };
		5532B50C1E250B1500FE84CA /* User.swift */ = {isa = PBXFileReference; fileEncoding = 4; lastKnownFileType = sourcecode.swift; path = User.swift; sourceTree = "<group>"; };
		55FDAE1C1E24E09300A172CF /* GoogleService-Info.plist */ = {isa = PBXFileReference; fileEncoding = 4; lastKnownFileType = text.plist.xml; path = "GoogleService-Info.plist"; sourceTree = "<group>"; };
		55FDAE1E1E24E5E900A172CF /* SignupViewController.swift */ = {isa = PBXFileReference; fileEncoding = 4; lastKnownFileType = sourcecode.swift; path = SignupViewController.swift; sourceTree = "<group>"; };
		55FDAE201E24F47600A172CF /* LoginViewController.swift */ = {isa = PBXFileReference; fileEncoding = 4; lastKnownFileType = sourcecode.swift; path = LoginViewController.swift; sourceTree = "<group>"; };
		55FDAE221E2507C400A172CF /* UserCell.swift */ = {isa = PBXFileReference; fileEncoding = 4; lastKnownFileType = sourcecode.swift; path = UserCell.swift; sourceTree = "<group>"; };
		55FDAE241E25087700A172CF /* UsersViewController.swift */ = {isa = PBXFileReference; fileEncoding = 4; lastKnownFileType = sourcecode.swift; path = UsersViewController.swift; sourceTree = "<group>"; };
		6182565A490C68E5B9ADBCCD /* Pods_programmeerprojectTests.framework */ = {isa = PBXFileReference; explicitFileType = wrapper.framework; includeInIndex = 0; path = Pods_programmeerprojectTests.framework; sourceTree = BUILT_PRODUCTS_DIR; };
		8430593D4148ED26864B76B9 /* Pods-programmeerprojectTests.debug.xcconfig */ = {isa = PBXFileReference; includeInIndex = 1; lastKnownFileType = text.xcconfig; name = "Pods-programmeerprojectTests.debug.xcconfig"; path = "Pods/Target Support Files/Pods-programmeerprojectTests/Pods-programmeerprojectTests.debug.xcconfig"; sourceTree = "<group>"; };
		88C873C7915833AC82D1711B /* Pods-programmeerprojectTests.release.xcconfig */ = {isa = PBXFileReference; includeInIndex = 1; lastKnownFileType = text.xcconfig; name = "Pods-programmeerprojectTests.release.xcconfig"; path = "Pods/Target Support Files/Pods-programmeerprojectTests/Pods-programmeerprojectTests.release.xcconfig"; sourceTree = "<group>"; };
		97A78D6FC5A05C9F723B44E5 /* Pods_programmeerprojectUITests.framework */ = {isa = PBXFileReference; explicitFileType = wrapper.framework; includeInIndex = 0; path = Pods_programmeerprojectUITests.framework; sourceTree = BUILT_PRODUCTS_DIR; };
		9DCDF8E332085DEC68E869C1 /* Pods_programmeerproject.framework */ = {isa = PBXFileReference; explicitFileType = wrapper.framework; includeInIndex = 0; path = Pods_programmeerproject.framework; sourceTree = BUILT_PRODUCTS_DIR; };
		B6E58A2CC1A626E93CB4E4F5 /* Pods-programmeerproject.debug.xcconfig */ = {isa = PBXFileReference; includeInIndex = 1; lastKnownFileType = text.xcconfig; name = "Pods-programmeerproject.debug.xcconfig"; path = "Pods/Target Support Files/Pods-programmeerproject/Pods-programmeerproject.debug.xcconfig"; sourceTree = "<group>"; };
		D5B1AE04A3E480A3FF675453 /* Pods-programmeerprojectUITests.release.xcconfig */ = {isa = PBXFileReference; includeInIndex = 1; lastKnownFileType = text.xcconfig; name = "Pods-programmeerprojectUITests.release.xcconfig"; path = "Pods/Target Support Files/Pods-programmeerprojectUITests/Pods-programmeerprojectUITests.release.xcconfig"; sourceTree = "<group>"; };
/* End PBXFileReference section */

/* Begin PBXFrameworksBuildPhase section */
		5517CA661E242A4800F3F8F5 /* Frameworks */ = {
			isa = PBXFrameworksBuildPhase;
			buildActionMask = 2147483647;
			files = (
				12C5D7AA54D111228635B05A /* Pods_programmeerproject.framework in Frameworks */,
			);
			runOnlyForDeploymentPostprocessing = 0;
		};
		5517CA7A1E242A4800F3F8F5 /* Frameworks */ = {
			isa = PBXFrameworksBuildPhase;
			buildActionMask = 2147483647;
			files = (
				0EDCA91C198A845A82FDDF5E /* Pods_programmeerprojectTests.framework in Frameworks */,
			);
			runOnlyForDeploymentPostprocessing = 0;
		};
		5517CA851E242A4800F3F8F5 /* Frameworks */ = {
			isa = PBXFrameworksBuildPhase;
			buildActionMask = 2147483647;
			files = (
				83FDEFE59495B9EA24FF5F98 /* Pods_programmeerprojectUITests.framework in Frameworks */,
			);
			runOnlyForDeploymentPostprocessing = 0;
		};
/* End PBXFrameworksBuildPhase section */

/* Begin PBXGroup section */
		13990D43452AAEC973D7C327 /* Frameworks */ = {
			isa = PBXGroup;
			children = (
				9DCDF8E332085DEC68E869C1 /* Pods_programmeerproject.framework */,
				6182565A490C68E5B9ADBCCD /* Pods_programmeerprojectTests.framework */,
				97A78D6FC5A05C9F723B44E5 /* Pods_programmeerprojectUITests.framework */,
			);
			name = Frameworks;
			sourceTree = "<group>";
		};
		5517CA601E242A4800F3F8F5 = {
			isa = PBXGroup;
			children = (
				5517CA6B1E242A4800F3F8F5 /* programmeerproject */,
				5517CA801E242A4800F3F8F5 /* programmeerprojectTests */,
				5517CA8B1E242A4800F3F8F5 /* programmeerprojectUITests */,
				5517CA6A1E242A4800F3F8F5 /* Products */,
				ECBC9A8B2372B4D09D8AFA22 /* Pods */,
				13990D43452AAEC973D7C327 /* Frameworks */,
			);
			sourceTree = "<group>";
		};
		5517CA6A1E242A4800F3F8F5 /* Products */ = {
			isa = PBXGroup;
			children = (
				5517CA691E242A4800F3F8F5 /* programmeerproject.app */,
				5517CA7D1E242A4800F3F8F5 /* programmeerprojectTests.xctest */,
				5517CA881E242A4800F3F8F5 /* programmeerprojectUITests.xctest */,
			);
			name = Products;
			sourceTree = "<group>";
		};
		5517CA6B1E242A4800F3F8F5 /* programmeerproject */ = {
			isa = PBXGroup;
			children = (
				5532B50B1E250AFD00FE84CA /* Objects */,
				5532B50A1E250AE800FE84CA /* Custom Cell */,
				5532B5091E250ACA00FE84CA /* View Controllers */,
				5517CA6C1E242A4800F3F8F5 /* AppDelegate.swift */,
				5517CA701E242A4800F3F8F5 /* Main.storyboard */,
				5517CA731E242A4800F3F8F5 /* Assets.xcassets */,
				5517CA751E242A4800F3F8F5 /* LaunchScreen.storyboard */,
				5517CA781E242A4800F3F8F5 /* Info.plist */,
				55FDAE1C1E24E09300A172CF /* GoogleService-Info.plist */,
			);
			path = programmeerproject;
			sourceTree = "<group>";
		};
		5517CA801E242A4800F3F8F5 /* programmeerprojectTests */ = {
			isa = PBXGroup;
			children = (
				5517CA811E242A4800F3F8F5 /* programmeerprojectTests.swift */,
				5517CA831E242A4800F3F8F5 /* Info.plist */,
			);
			path = programmeerprojectTests;
			sourceTree = "<group>";
		};
		5517CA8B1E242A4800F3F8F5 /* programmeerprojectUITests */ = {
			isa = PBXGroup;
			children = (
				5517CA8C1E242A4800F3F8F5 /* programmeerprojectUITests.swift */,
				5517CA8E1E242A4900F3F8F5 /* Info.plist */,
			);
			path = programmeerprojectUITests;
			sourceTree = "<group>";
		};
		5532B5091E250ACA00FE84CA /* View Controllers */ = {
			isa = PBXGroup;
			children = (
				55FDAE1E1E24E5E900A172CF /* SignupViewController.swift */,
				55FDAE201E24F47600A172CF /* LoginViewController.swift */,
				55FDAE241E25087700A172CF /* UsersViewController.swift */,
				55275CD41E2633F800456990 /* UploadViewController.swift */,
				55275CD61E26680900456990 /* ChatViewController.swift */,
			);
			name = "View Controllers";
			sourceTree = "<group>";
		};
		5532B50A1E250AE800FE84CA /* Custom Cell */ = {
			isa = PBXGroup;
			children = (
				55FDAE221E2507C400A172CF /* UserCell.swift */,
			);
			name = "Custom Cell";
			sourceTree = "<group>";
		};
		5532B50B1E250AFD00FE84CA /* Objects */ = {
			isa = PBXGroup;
			children = (
				5532B50C1E250B1500FE84CA /* User.swift */,
			);
			name = Objects;
			sourceTree = "<group>";
		};
		ECBC9A8B2372B4D09D8AFA22 /* Pods */ = {
			isa = PBXGroup;
			children = (
				B6E58A2CC1A626E93CB4E4F5 /* Pods-programmeerproject.debug.xcconfig */,
				30286E537E8F6C69A1518394 /* Pods-programmeerproject.release.xcconfig */,
				8430593D4148ED26864B76B9 /* Pods-programmeerprojectTests.debug.xcconfig */,
				88C873C7915833AC82D1711B /* Pods-programmeerprojectTests.release.xcconfig */,
				4CBEEF8B22F38A0A27F5FC47 /* Pods-programmeerprojectUITests.debug.xcconfig */,
				D5B1AE04A3E480A3FF675453 /* Pods-programmeerprojectUITests.release.xcconfig */,
			);
			name = Pods;
			sourceTree = "<group>";
		};
/* End PBXGroup section */

/* Begin PBXNativeTarget section */
		5517CA681E242A4800F3F8F5 /* programmeerproject */ = {
			isa = PBXNativeTarget;
			buildConfigurationList = 5517CA911E242A4900F3F8F5 /* Build configuration list for PBXNativeTarget "programmeerproject" */;
			buildPhases = (
				FC802E48872167198D134C5B /* [CP] Check Pods Manifest.lock */,
				5517CA651E242A4800F3F8F5 /* Sources */,
				5517CA661E242A4800F3F8F5 /* Frameworks */,
				5517CA671E242A4800F3F8F5 /* Resources */,
				5FE6718F397BC2DF3F48DAE2 /* [CP] Embed Pods Frameworks */,
				E8FD991AFB48AFF493C9A0C6 /* [CP] Copy Pods Resources */,
			);
			buildRules = (
			);
			dependencies = (
			);
			name = programmeerproject;
			productName = programmeerproject;
			productReference = 5517CA691E242A4800F3F8F5 /* programmeerproject.app */;
			productType = "com.apple.product-type.application";
		};
		5517CA7C1E242A4800F3F8F5 /* programmeerprojectTests */ = {
			isa = PBXNativeTarget;
			buildConfigurationList = 5517CA941E242A4900F3F8F5 /* Build configuration list for PBXNativeTarget "programmeerprojectTests" */;
			buildPhases = (
				48C6B68FCC1A85ECC52D3E75 /* [CP] Check Pods Manifest.lock */,
				5517CA791E242A4800F3F8F5 /* Sources */,
				5517CA7A1E242A4800F3F8F5 /* Frameworks */,
				5517CA7B1E242A4800F3F8F5 /* Resources */,
				104826625FE792316E0DA05D /* [CP] Embed Pods Frameworks */,
				B66482C71819A0FEC599A62F /* [CP] Copy Pods Resources */,
			);
			buildRules = (
			);
			dependencies = (
				5517CA7F1E242A4800F3F8F5 /* PBXTargetDependency */,
			);
			name = programmeerprojectTests;
			productName = programmeerprojectTests;
			productReference = 5517CA7D1E242A4800F3F8F5 /* programmeerprojectTests.xctest */;
			productType = "com.apple.product-type.bundle.unit-test";
		};
		5517CA871E242A4800F3F8F5 /* programmeerprojectUITests */ = {
			isa = PBXNativeTarget;
			buildConfigurationList = 5517CA971E242A4900F3F8F5 /* Build configuration list for PBXNativeTarget "programmeerprojectUITests" */;
			buildPhases = (
				E494C38635FEF53D7B532058 /* [CP] Check Pods Manifest.lock */,
				5517CA841E242A4800F3F8F5 /* Sources */,
				5517CA851E242A4800F3F8F5 /* Frameworks */,
				5517CA861E242A4800F3F8F5 /* Resources */,
				89152C36A1D185314C86095F /* [CP] Embed Pods Frameworks */,
				CDB96EC1B1BF95B7CAB8C72E /* [CP] Copy Pods Resources */,
			);
			buildRules = (
			);
			dependencies = (
				5517CA8A1E242A4800F3F8F5 /* PBXTargetDependency */,
			);
			name = programmeerprojectUITests;
			productName = programmeerprojectUITests;
			productReference = 5517CA881E242A4800F3F8F5 /* programmeerprojectUITests.xctest */;
			productType = "com.apple.product-type.bundle.ui-testing";
		};
/* End PBXNativeTarget section */

/* Begin PBXProject section */
		5517CA611E242A4800F3F8F5 /* Project object */ = {
			isa = PBXProject;
			attributes = {
				LastSwiftUpdateCheck = 0820;
				LastUpgradeCheck = 0820;
				ORGANIZATIONNAME = "Ayanna Colden";
				TargetAttributes = {
					5517CA681E242A4800F3F8F5 = {
						CreatedOnToolsVersion = 8.2.1;
						DevelopmentTeam = 49T7C245FH;
						ProvisioningStyle = Automatic;
					};
					5517CA7C1E242A4800F3F8F5 = {
						CreatedOnToolsVersion = 8.2.1;
						ProvisioningStyle = Automatic;
						TestTargetID = 5517CA681E242A4800F3F8F5;
					};
					5517CA871E242A4800F3F8F5 = {
						CreatedOnToolsVersion = 8.2.1;
						ProvisioningStyle = Automatic;
						TestTargetID = 5517CA681E242A4800F3F8F5;
					};
				};
			};
			buildConfigurationList = 5517CA641E242A4800F3F8F5 /* Build configuration list for PBXProject "programmeerproject" */;
			compatibilityVersion = "Xcode 3.2";
			developmentRegion = English;
			hasScannedForEncodings = 0;
			knownRegions = (
				en,
				Base,
			);
			mainGroup = 5517CA601E242A4800F3F8F5;
			productRefGroup = 5517CA6A1E242A4800F3F8F5 /* Products */;
			projectDirPath = "";
			projectRoot = "";
			targets = (
				5517CA681E242A4800F3F8F5 /* programmeerproject */,
				5517CA7C1E242A4800F3F8F5 /* programmeerprojectTests */,
				5517CA871E242A4800F3F8F5 /* programmeerprojectUITests */,
			);
		};
/* End PBXProject section */

/* Begin PBXResourcesBuildPhase section */
		5517CA671E242A4800F3F8F5 /* Resources */ = {
			isa = PBXResourcesBuildPhase;
			buildActionMask = 2147483647;
			files = (
				5517CA771E242A4800F3F8F5 /* LaunchScreen.storyboard in Resources */,
				55FDAE1D1E24E09300A172CF /* GoogleService-Info.plist in Resources */,
				5517CA741E242A4800F3F8F5 /* Assets.xcassets in Resources */,
				5517CA721E242A4800F3F8F5 /* Main.storyboard in Resources */,
			);
			runOnlyForDeploymentPostprocessing = 0;
		};
		5517CA7B1E242A4800F3F8F5 /* Resources */ = {
			isa = PBXResourcesBuildPhase;
			buildActionMask = 2147483647;
			files = (
			);
			runOnlyForDeploymentPostprocessing = 0;
		};
		5517CA861E242A4800F3F8F5 /* Resources */ = {
			isa = PBXResourcesBuildPhase;
			buildActionMask = 2147483647;
			files = (
			);
			runOnlyForDeploymentPostprocessing = 0;
		};
/* End PBXResourcesBuildPhase section */

/* Begin PBXShellScriptBuildPhase section */
		104826625FE792316E0DA05D /* [CP] Embed Pods Frameworks */ = {
			isa = PBXShellScriptBuildPhase;
			buildActionMask = 2147483647;
			files = (
			);
			inputPaths = (
			);
			name = "[CP] Embed Pods Frameworks";
			outputPaths = (
			);
			runOnlyForDeploymentPostprocessing = 0;
			shellPath = /bin/sh;
			shellScript = "\"${SRCROOT}/Pods/Target Support Files/Pods-programmeerprojectTests/Pods-programmeerprojectTests-frameworks.sh\"\n";
			showEnvVarsInLog = 0;
		};
		48C6B68FCC1A85ECC52D3E75 /* [CP] Check Pods Manifest.lock */ = {
			isa = PBXShellScriptBuildPhase;
			buildActionMask = 2147483647;
			files = (
			);
			inputPaths = (
			);
			name = "[CP] Check Pods Manifest.lock";
			outputPaths = (
			);
			runOnlyForDeploymentPostprocessing = 0;
			shellPath = /bin/sh;
			shellScript = "diff \"${PODS_ROOT}/../Podfile.lock\" \"${PODS_ROOT}/Manifest.lock\" > /dev/null\nif [ $? != 0 ] ; then\n    # print error to STDERR\n    echo \"error: The sandbox is not in sync with the Podfile.lock. Run 'pod install' or update your CocoaPods installation.\" >&2\n    exit 1\nfi\n";
			showEnvVarsInLog = 0;
		};
		5FE6718F397BC2DF3F48DAE2 /* [CP] Embed Pods Frameworks */ = {
			isa = PBXShellScriptBuildPhase;
			buildActionMask = 2147483647;
			files = (
			);
			inputPaths = (
			);
			name = "[CP] Embed Pods Frameworks";
			outputPaths = (
			);
			runOnlyForDeploymentPostprocessing = 0;
			shellPath = /bin/sh;
			shellScript = "\"${SRCROOT}/Pods/Target Support Files/Pods-programmeerproject/Pods-programmeerproject-frameworks.sh\"\n";
			showEnvVarsInLog = 0;
		};
		89152C36A1D185314C86095F /* [CP] Embed Pods Frameworks */ = {
			isa = PBXShellScriptBuildPhase;
			buildActionMask = 2147483647;
			files = (
			);
			inputPaths = (
			);
			name = "[CP] Embed Pods Frameworks";
			outputPaths = (
			);
			runOnlyForDeploymentPostprocessing = 0;
			shellPath = /bin/sh;
			shellScript = "\"${SRCROOT}/Pods/Target Support Files/Pods-programmeerprojectUITests/Pods-programmeerprojectUITests-frameworks.sh\"\n";
			showEnvVarsInLog = 0;
		};
		B66482C71819A0FEC599A62F /* [CP] Copy Pods Resources */ = {
			isa = PBXShellScriptBuildPhase;
			buildActionMask = 2147483647;
			files = (
			);
			inputPaths = (
			);
			name = "[CP] Copy Pods Resources";
			outputPaths = (
			);
			runOnlyForDeploymentPostprocessing = 0;
			shellPath = /bin/sh;
			shellScript = "\"${SRCROOT}/Pods/Target Support Files/Pods-programmeerprojectTests/Pods-programmeerprojectTests-resources.sh\"\n";
			showEnvVarsInLog = 0;
		};
		CDB96EC1B1BF95B7CAB8C72E /* [CP] Copy Pods Resources */ = {
			isa = PBXShellScriptBuildPhase;
			buildActionMask = 2147483647;
			files = (
			);
			inputPaths = (
			);
			name = "[CP] Copy Pods Resources";
			outputPaths = (
			);
			runOnlyForDeploymentPostprocessing = 0;
			shellPath = /bin/sh;
			shellScript = "\"${SRCROOT}/Pods/Target Support Files/Pods-programmeerprojectUITests/Pods-programmeerprojectUITests-resources.sh\"\n";
			showEnvVarsInLog = 0;
		};
		E494C38635FEF53D7B532058 /* [CP] Check Pods Manifest.lock */ = {
			isa = PBXShellScriptBuildPhase;
			buildActionMask = 2147483647;
			files = (
			);
			inputPaths = (
			);
			name = "[CP] Check Pods Manifest.lock";
			outputPaths = (
			);
			runOnlyForDeploymentPostprocessing = 0;
			shellPath = /bin/sh;
			shellScript = "diff \"${PODS_ROOT}/../Podfile.lock\" \"${PODS_ROOT}/Manifest.lock\" > /dev/null\nif [ $? != 0 ] ; then\n    # print error to STDERR\n    echo \"error: The sandbox is not in sync with the Podfile.lock. Run 'pod install' or update your CocoaPods installation.\" >&2\n    exit 1\nfi\n";
			showEnvVarsInLog = 0;
		};
		E8FD991AFB48AFF493C9A0C6 /* [CP] Copy Pods Resources */ = {
			isa = PBXShellScriptBuildPhase;
			buildActionMask = 2147483647;
			files = (
			);
			inputPaths = (
			);
			name = "[CP] Copy Pods Resources";
			outputPaths = (
			);
			runOnlyForDeploymentPostprocessing = 0;
			shellPath = /bin/sh;
			shellScript = "\"${SRCROOT}/Pods/Target Support Files/Pods-programmeerproject/Pods-programmeerproject-resources.sh\"\n";
			showEnvVarsInLog = 0;
		};
		FC802E48872167198D134C5B /* [CP] Check Pods Manifest.lock */ = {
			isa = PBXShellScriptBuildPhase;
			buildActionMask = 2147483647;
			files = (
			);
			inputPaths = (
			);
			name = "[CP] Check Pods Manifest.lock";
			outputPaths = (
			);
			runOnlyForDeploymentPostprocessing = 0;
			shellPath = /bin/sh;
			shellScript = "diff \"${PODS_ROOT}/../Podfile.lock\" \"${PODS_ROOT}/Manifest.lock\" > /dev/null\nif [ $? != 0 ] ; then\n    # print error to STDERR\n    echo \"error: The sandbox is not in sync with the Podfile.lock. Run 'pod install' or update your CocoaPods installation.\" >&2\n    exit 1\nfi\n";
			showEnvVarsInLog = 0;
		};
/* End PBXShellScriptBuildPhase section */

/* Begin PBXSourcesBuildPhase section */
		5517CA651E242A4800F3F8F5 /* Sources */ = {
			isa = PBXSourcesBuildPhase;
			buildActionMask = 2147483647;
			files = (
				55FDAE211E24F47600A172CF /* LoginViewController.swift in Sources */,
				55275CD51E2633F800456990 /* UploadViewController.swift in Sources */,
				55275CD71E26680900456990 /* ChatViewController.swift in Sources */,
				55FDAE251E25087700A172CF /* UsersViewController.swift in Sources */,
				55FDAE1F1E24E5E900A172CF /* SignupViewController.swift in Sources */,
				5532B50D1E250B1500FE84CA /* User.swift in Sources */,
				55FDAE231E2507C400A172CF /* UserCell.swift in Sources */,
				5517CA6D1E242A4800F3F8F5 /* AppDelegate.swift in Sources */,
			);
			runOnlyForDeploymentPostprocessing = 0;
		};
		5517CA791E242A4800F3F8F5 /* Sources */ = {
			isa = PBXSourcesBuildPhase;
			buildActionMask = 2147483647;
			files = (
				5517CA821E242A4800F3F8F5 /* programmeerprojectTests.swift in Sources */,
			);
			runOnlyForDeploymentPostprocessing = 0;
		};
		5517CA841E242A4800F3F8F5 /* Sources */ = {
			isa = PBXSourcesBuildPhase;
			buildActionMask = 2147483647;
			files = (
				5517CA8D1E242A4800F3F8F5 /* programmeerprojectUITests.swift in Sources */,
			);
			runOnlyForDeploymentPostprocessing = 0;
		};
/* End PBXSourcesBuildPhase section */

/* Begin PBXTargetDependency section */
		5517CA7F1E242A4800F3F8F5 /* PBXTargetDependency */ = {
			isa = PBXTargetDependency;
			target = 5517CA681E242A4800F3F8F5 /* programmeerproject */;
			targetProxy = 5517CA7E1E242A4800F3F8F5 /* PBXContainerItemProxy */;
		};
		5517CA8A1E242A4800F3F8F5 /* PBXTargetDependency */ = {
			isa = PBXTargetDependency;
			target = 5517CA681E242A4800F3F8F5 /* programmeerproject */;
			targetProxy = 5517CA891E242A4800F3F8F5 /* PBXContainerItemProxy */;
		};
/* End PBXTargetDependency section */

/* Begin PBXVariantGroup section */
		5517CA701E242A4800F3F8F5 /* Main.storyboard */ = {
			isa = PBXVariantGroup;
			children = (
				5517CA711E242A4800F3F8F5 /* Base */,
			);
			name = Main.storyboard;
			sourceTree = "<group>";
		};
		5517CA751E242A4800F3F8F5 /* LaunchScreen.storyboard */ = {
			isa = PBXVariantGroup;
			children = (
				5517CA761E242A4800F3F8F5 /* Base */,
			);
			name = LaunchScreen.storyboard;
			sourceTree = "<group>";
		};
/* End PBXVariantGroup section */

/* Begin XCBuildConfiguration section */
		5517CA8F1E242A4900F3F8F5 /* Debug */ = {
			isa = XCBuildConfiguration;
			buildSettings = {
				ALWAYS_SEARCH_USER_PATHS = NO;
				CLANG_ANALYZER_NONNULL = YES;
				CLANG_CXX_LANGUAGE_STANDARD = "gnu++0x";
				CLANG_CXX_LIBRARY = "libc++";
				CLANG_ENABLE_MODULES = YES;
				CLANG_ENABLE_OBJC_ARC = YES;
				CLANG_WARN_BOOL_CONVERSION = YES;
				CLANG_WARN_CONSTANT_CONVERSION = YES;
				CLANG_WARN_DIRECT_OBJC_ISA_USAGE = YES_ERROR;
				CLANG_WARN_DOCUMENTATION_COMMENTS = YES;
				CLANG_WARN_EMPTY_BODY = YES;
				CLANG_WARN_ENUM_CONVERSION = YES;
				CLANG_WARN_INFINITE_RECURSION = YES;
				CLANG_WARN_INT_CONVERSION = YES;
				CLANG_WARN_OBJC_ROOT_CLASS = YES_ERROR;
				CLANG_WARN_SUSPICIOUS_MOVE = YES;
				CLANG_WARN_UNREACHABLE_CODE = YES;
				CLANG_WARN__DUPLICATE_METHOD_MATCH = YES;
				"CODE_SIGN_IDENTITY[sdk=iphoneos*]" = "iPhone Developer";
				COPY_PHASE_STRIP = NO;
				DEBUG_INFORMATION_FORMAT = dwarf;
				ENABLE_STRICT_OBJC_MSGSEND = YES;
				ENABLE_TESTABILITY = YES;
				GCC_C_LANGUAGE_STANDARD = gnu99;
				GCC_DYNAMIC_NO_PIC = NO;
				GCC_NO_COMMON_BLOCKS = YES;
				GCC_OPTIMIZATION_LEVEL = 0;
				GCC_PREPROCESSOR_DEFINITIONS = (
					"DEBUG=1",
					"$(inherited)",
				);
				GCC_WARN_64_TO_32_BIT_CONVERSION = YES;
				GCC_WARN_ABOUT_RETURN_TYPE = YES_ERROR;
				GCC_WARN_UNDECLARED_SELECTOR = YES;
				GCC_WARN_UNINITIALIZED_AUTOS = YES_AGGRESSIVE;
				GCC_WARN_UNUSED_FUNCTION = YES;
				GCC_WARN_UNUSED_VARIABLE = YES;
				IPHONEOS_DEPLOYMENT_TARGET = 10.2;
				MTL_ENABLE_DEBUG_INFO = YES;
				ONLY_ACTIVE_ARCH = YES;
				SDKROOT = iphoneos;
				SWIFT_ACTIVE_COMPILATION_CONDITIONS = DEBUG;
				SWIFT_OPTIMIZATION_LEVEL = "-Onone";
				TARGETED_DEVICE_FAMILY = "1,2";
			};
			name = Debug;
		};
		5517CA901E242A4900F3F8F5 /* Release */ = {
			isa = XCBuildConfiguration;
			buildSettings = {
				ALWAYS_SEARCH_USER_PATHS = NO;
				CLANG_ANALYZER_NONNULL = YES;
				CLANG_CXX_LANGUAGE_STANDARD = "gnu++0x";
				CLANG_CXX_LIBRARY = "libc++";
				CLANG_ENABLE_MODULES = YES;
				CLANG_ENABLE_OBJC_ARC = YES;
				CLANG_WARN_BOOL_CONVERSION = YES;
				CLANG_WARN_CONSTANT_CONVERSION = YES;
				CLANG_WARN_DIRECT_OBJC_ISA_USAGE = YES_ERROR;
				CLANG_WARN_DOCUMENTATION_COMMENTS = YES;
				CLANG_WARN_EMPTY_BODY = YES;
				CLANG_WARN_ENUM_CONVERSION = YES;
				CLANG_WARN_INFINITE_RECURSION = YES;
				CLANG_WARN_INT_CONVERSION = YES;
				CLANG_WARN_OBJC_ROOT_CLASS = YES_ERROR;
				CLANG_WARN_SUSPICIOUS_MOVE = YES;
				CLANG_WARN_UNREACHABLE_CODE = YES;
				CLANG_WARN__DUPLICATE_METHOD_MATCH = YES;
				"CODE_SIGN_IDENTITY[sdk=iphoneos*]" = "iPhone Developer";
				COPY_PHASE_STRIP = NO;
				DEBUG_INFORMATION_FORMAT = "dwarf-with-dsym";
				ENABLE_NS_ASSERTIONS = NO;
				ENABLE_STRICT_OBJC_MSGSEND = YES;
				GCC_C_LANGUAGE_STANDARD = gnu99;
				GCC_NO_COMMON_BLOCKS = YES;
				GCC_WARN_64_TO_32_BIT_CONVERSION = YES;
				GCC_WARN_ABOUT_RETURN_TYPE = YES_ERROR;
				GCC_WARN_UNDECLARED_SELECTOR = YES;
				GCC_WARN_UNINITIALIZED_AUTOS = YES_AGGRESSIVE;
				GCC_WARN_UNUSED_FUNCTION = YES;
				GCC_WARN_UNUSED_VARIABLE = YES;
				IPHONEOS_DEPLOYMENT_TARGET = 10.2;
				MTL_ENABLE_DEBUG_INFO = NO;
				SDKROOT = iphoneos;
				SWIFT_OPTIMIZATION_LEVEL = "-Owholemodule";
				TARGETED_DEVICE_FAMILY = "1,2";
				VALIDATE_PRODUCT = YES;
			};
			name = Release;
		};
		5517CA921E242A4900F3F8F5 /* Debug */ = {
			isa = XCBuildConfiguration;
			baseConfigurationReference = B6E58A2CC1A626E93CB4E4F5 /* Pods-programmeerproject.debug.xcconfig */;
			buildSettings = {
				ASSETCATALOG_COMPILER_APPICON_NAME = AppIcon;
				DEVELOPMENT_TEAM = 49T7C245FH;
				INFOPLIST_FILE = programmeerproject/Info.plist;
				LD_RUNPATH_SEARCH_PATHS = "$(inherited) @executable_path/Frameworks";
				PRODUCT_BUNDLE_IDENTIFIER = nl.mprog.programmeerproject;
				PRODUCT_NAME = "$(TARGET_NAME)";
				SWIFT_VERSION = 3.0;
			};
			name = Debug;
		};
		5517CA931E242A4900F3F8F5 /* Release */ = {
			isa = XCBuildConfiguration;
			baseConfigurationReference = 30286E537E8F6C69A1518394 /* Pods-programmeerproject.release.xcconfig */;
			buildSettings = {
				ASSETCATALOG_COMPILER_APPICON_NAME = AppIcon;
				DEVELOPMENT_TEAM = 49T7C245FH;
				INFOPLIST_FILE = programmeerproject/Info.plist;
				LD_RUNPATH_SEARCH_PATHS = "$(inherited) @executable_path/Frameworks";
				PRODUCT_BUNDLE_IDENTIFIER = nl.mprog.programmeerproject;
				PRODUCT_NAME = "$(TARGET_NAME)";
				SWIFT_VERSION = 3.0;
			};
			name = Release;
		};
		5517CA951E242A4900F3F8F5 /* Debug */ = {
			isa = XCBuildConfiguration;
			baseConfigurationReference = 8430593D4148ED26864B76B9 /* Pods-programmeerprojectTests.debug.xcconfig */;
			buildSettings = {
				ALWAYS_EMBED_SWIFT_STANDARD_LIBRARIES = YES;
				BUNDLE_LOADER = "$(TEST_HOST)";
				INFOPLIST_FILE = programmeerprojectTests/Info.plist;
				LD_RUNPATH_SEARCH_PATHS = "$(inherited) @executable_path/Frameworks @loader_path/Frameworks";
				PRODUCT_BUNDLE_IDENTIFIER = nl.mprog.programmeerprojectTests;
				PRODUCT_NAME = "$(TARGET_NAME)";
				SWIFT_VERSION = 3.0;
				TEST_HOST = "$(BUILT_PRODUCTS_DIR)/programmeerproject.app/programmeerproject";
			};
			name = Debug;
		};
		5517CA961E242A4900F3F8F5 /* Release */ = {
			isa = XCBuildConfiguration;
			baseConfigurationReference = 88C873C7915833AC82D1711B /* Pods-programmeerprojectTests.release.xcconfig */;
			buildSettings = {
				ALWAYS_EMBED_SWIFT_STANDARD_LIBRARIES = YES;
				BUNDLE_LOADER = "$(TEST_HOST)";
				INFOPLIST_FILE = programmeerprojectTests/Info.plist;
				LD_RUNPATH_SEARCH_PATHS = "$(inherited) @executable_path/Frameworks @loader_path/Frameworks";
				PRODUCT_BUNDLE_IDENTIFIER = nl.mprog.programmeerprojectTests;
				PRODUCT_NAME = "$(TARGET_NAME)";
				SWIFT_VERSION = 3.0;
				TEST_HOST = "$(BUILT_PRODUCTS_DIR)/programmeerproject.app/programmeerproject";
			};
			name = Release;
		};
		5517CA981E242A4900F3F8F5 /* Debug */ = {
			isa = XCBuildConfiguration;
			baseConfigurationReference = 4CBEEF8B22F38A0A27F5FC47 /* Pods-programmeerprojectUITests.debug.xcconfig */;
			buildSettings = {
				ALWAYS_EMBED_SWIFT_STANDARD_LIBRARIES = YES;
				INFOPLIST_FILE = programmeerprojectUITests/Info.plist;
				LD_RUNPATH_SEARCH_PATHS = "$(inherited) @executable_path/Frameworks @loader_path/Frameworks";
				PRODUCT_BUNDLE_IDENTIFIER = nl.mprog.programmeerprojectUITests;
				PRODUCT_NAME = "$(TARGET_NAME)";
				SWIFT_VERSION = 3.0;
				TEST_TARGET_NAME = programmeerproject;
			};
			name = Debug;
		};
		5517CA991E242A4900F3F8F5 /* Release */ = {
			isa = XCBuildConfiguration;
			baseConfigurationReference = D5B1AE04A3E480A3FF675453 /* Pods-programmeerprojectUITests.release.xcconfig */;
			buildSettings = {
				ALWAYS_EMBED_SWIFT_STANDARD_LIBRARIES = YES;
				INFOPLIST_FILE = programmeerprojectUITests/Info.plist;
				LD_RUNPATH_SEARCH_PATHS = "$(inherited) @executable_path/Frameworks @loader_path/Frameworks";
				PRODUCT_BUNDLE_IDENTIFIER = nl.mprog.programmeerprojectUITests;
				PRODUCT_NAME = "$(TARGET_NAME)";
				SWIFT_VERSION = 3.0;
				TEST_TARGET_NAME = programmeerproject;
			};
			name = Release;
		};
/* End XCBuildConfiguration section */

/* Begin XCConfigurationList section */
		5517CA641E242A4800F3F8F5 /* Build configuration list for PBXProject "programmeerproject" */ = {
			isa = XCConfigurationList;
			buildConfigurations = (
				5517CA8F1E242A4900F3F8F5 /* Debug */,
				5517CA901E242A4900F3F8F5 /* Release */,
			);
			defaultConfigurationIsVisible = 0;
			defaultConfigurationName = Release;
		};
		5517CA911E242A4900F3F8F5 /* Build configuration list for PBXNativeTarget "programmeerproject" */ = {
			isa = XCConfigurationList;
			buildConfigurations = (
				5517CA921E242A4900F3F8F5 /* Debug */,
				5517CA931E242A4900F3F8F5 /* Release */,
			);
			defaultConfigurationIsVisible = 0;
			defaultConfigurationName = Release;
		};
		5517CA941E242A4900F3F8F5 /* Build configuration list for PBXNativeTarget "programmeerprojectTests" */ = {
			isa = XCConfigurationList;
			buildConfigurations = (
				5517CA951E242A4900F3F8F5 /* Debug */,
				5517CA961E242A4900F3F8F5 /* Release */,
			);
			defaultConfigurationIsVisible = 0;
			defaultConfigurationName = Release;
		};
		5517CA971E242A4900F3F8F5 /* Build configuration list for PBXNativeTarget "programmeerprojectUITests" */ = {
			isa = XCConfigurationList;
			buildConfigurations = (
				5517CA981E242A4900F3F8F5 /* Debug */,
				5517CA991E242A4900F3F8F5 /* Release */,
			);
			defaultConfigurationIsVisible = 0;
			defaultConfigurationName = Release;
		};
/* End XCConfigurationList section */
	};
	rootObject = 5517CA611E242A4800F3F8F5 /* Project object */;
}
